
Microsoft Visual Studio Solution File, Format Version 12.00
# Visual Studio Version 16
VisualStudioVersion = 16.0.32929.386
MinimumVisualStudioVersion = 10.0.40219.1
Project("{FAE04EC0-301F-11D3-BF4B-00C04F79EFBC}") = "ApiVeterinaria", "ApiVeterinaria.csproj", "{E6730A69-04EF-443D-AA55-0B3585FD8B1C}"
EndProject
Global
	GlobalSection(SolutionConfigurationPlatforms) = preSolution
		Debug|Any CPU = Debug|Any CPU
		Release|Any CPU = Release|Any CPU
	EndGlobalSection
	GlobalSection(ProjectConfigurationPlatforms) = postSolution
		{E6730A69-04EF-443D-AA55-0B3585FD8B1C}.Debug|Any CPU.ActiveCfg = Debug|Any CPU
		{E6730A69-04EF-443D-AA55-0B3585FD8B1C}.Debug|Any CPU.Build.0 = Debug|Any CPU
		{E6730A69-04EF-443D-AA55-0B3585FD8B1C}.Release|Any CPU.ActiveCfg = Release|Any CPU
		{E6730A69-04EF-443D-AA55-0B3585FD8B1C}.Release|Any CPU.Build.0 = Release|Any CPU
	EndGlobalSection
	GlobalSection(SolutionProperties) = preSolution
		HideSolutionNode = FALSE
	EndGlobalSection
	GlobalSection(ExtensibilityGlobals) = postSolution
		SolutionGuid = {4D65056C-5A86-4DCB-9731-85CF5CFBF2C0}
	EndGlobalSection
EndGlobal
